
Microsoft Visual Studio Solution File, Format Version 12.00
# Visual Studio Version 16
VisualStudioVersion = 16.0.30002.166
MinimumVisualStudioVersion = 10.0.40219.1
Project("{9A19103F-16F7-4668-BE54-9A1E7A4F7556}") = "EmployeeManagement", "EmployeeManagement\EmployeeManagement.csproj", "{BDB51B20-2EFB-447B-8E1E-8A72CBA4F996}"
EndProject
Global
	GlobalSection(SolutionConfigurationPlatforms) = preSolution
		Debug|Any CPU = Debug|Any CPU
		Release|Any CPU = Release|Any CPU
	EndGlobalSection
	GlobalSection(ProjectConfigurationPlatforms) = postSolution
		{BDB51B20-2EFB-447B-8E1E-8A72CBA4F996}.Debug|Any CPU.ActiveCfg = Debug|Any CPU
		{BDB51B20-2EFB-447B-8E1E-8A72CBA4F996}.Debug|Any CPU.Build.0 = Debug|Any CPU
		{BDB51B20-2EFB-447B-8E1E-8A72CBA4F996}.Release|Any CPU.ActiveCfg = Release|Any CPU
		{BDB51B20-2EFB-447B-8E1E-8A72CBA4F996}.Release|Any CPU.Build.0 = Release|Any CPU
	EndGlobalSection
	GlobalSection(SolutionProperties) = preSolution
		HideSolutionNode = FALSE
	EndGlobalSection
	GlobalSection(ExtensibilityGlobals) = postSolution
		SolutionGuid = {491C10AB-1E06-4628-BEAA-C0DC6FBC1B21}
	EndGlobalSection
EndGlobal
